{"SurveyEntry":{"SurveyID":"SV_5bcKOsJHe044MDk","SurveyName":"National Park Dev Test","SurveyDescription":null,"SurveyOwnerID":"UR_7VYGIy2OhmYrJtQ","SurveyBrandID":"suu","DivisionID":null,"SurveyLanguage":"EN","SurveyActiveResponseSet":"RS_6Wh819oXkI2uYu2","SurveyStatus":"Active","SurveyStartDate":"0000-00-00 00:00:00","SurveyExpirationDate":"0000-00-00 00:00:00","SurveyCreationDate":"2024-04-09 13:12:51","CreatorID":"UR_7VYGIy2OhmYrJtQ","LastModified":"2024-04-09 13:19:38","LastAccessed":"0000-00-00 00:00:00","LastActivated":"2024-04-09 13:13:46","Deleted":null},"SurveyElements":[{"SurveyID":"SV_5bcKOsJHe044MDk","Element":"BL","PrimaryAttribute":"Survey Blocks","SecondaryAttribute":null,"TertiaryAttribute":null,"Payload":[{"Type":"Default","Description":"Default Question Block","ID":"BL_1MnBjohKMlJDxwG","BlockElements":[{"Type":"Question","QuestionID":"QID1"}]},{"Type":"Trash","Description":"Trash \/ Unused Questions","ID":"BL_9YWNuCzkhjpZQJE"}]},{"SurveyID":"SV_5bcKOsJHe044MDk","Element":"FL","PrimaryAttribute":"Survey Flow","SecondaryAttribute":null,"TertiaryAttribute":null,"Payload":{"Flow":[{"ID":"BL_1MnBjohKMlJDxwG","Type":"Block","FlowID":"FL_2"}],"Properties":{"Count":2},"FlowID":"FL_1","Type":"Root"}},{"SurveyID":"SV_5bcKOsJHe044MDk","Element":"PL","PrimaryAttribute":"Preview Link","SecondaryAttribute":null,"TertiaryAttribute":null,"Payload":{"PreviewType":"Brand","PreviewID":"3e2f5224-cb83-4a9b-a21a-617b87f5b6e5"}},{"SurveyID":"SV_5bcKOsJHe044MDk","Element":"SO","PrimaryAttribute":"Survey Options","SecondaryAttribute":null,"TertiaryAttribute":null,"Payload":{"BackButton":"false","SaveAndContinue":"true","SurveyProtection":"PublicSurvey","BallotBoxStuffingPrevention":"false","NoIndex":"Yes","SecureResponseFiles":"true","SurveyExpiration":"None","SurveyTermination":"DefaultMessage","Header":"","Footer":"","ProgressBarDisplay":"None","PartialData":"+1 week","ValidationMessage":"","PreviousButton":"","NextButton":"","SurveyTitle":"Qualtrics Survey | Qualtrics Experience Management","SkinLibrary":"Qualtrics","SkinType":"templated","Skin":{"brandingId":null,"templateId":"*base","overrides":null},"NewScoring":1,"SurveyMetaDescription":"The most powerful, simple and trusted way to gather experience data. Start your journey to experience management and try a free account today.","ProtectSelectionIds":true}},{"SurveyID":"SV_5bcKOsJHe044MDk","Element":"SCO","PrimaryAttribute":"Scoring","SecondaryAttribute":null,"TertiaryAttribute":null,"Payload":{"ScoringCategories":[],"ScoringCategoryGroups":[],"ScoringSummaryCategory":null,"ScoringSummaryAfterQuestions":0,"ScoringSummaryAfterSurvey":0,"DefaultScoringCategory":null,"AutoScoringCategory":null}},{"SurveyID":"SV_5bcKOsJHe044MDk","Element":"PROJ","PrimaryAttribute":"CORE","SecondaryAttribute":null,"TertiaryAttribute":"1.1.0","Payload":{"ProjectCategory":"CORE","SchemaVersion":"1.1.0"}},{"SurveyID":"SV_5bcKOsJHe044MDk","Element":"STAT","PrimaryAttribute":"Survey Statistics","SecondaryAttribute":null,"TertiaryAttribute":null,"Payload":{"MobileCompatible":true,"ID":"Survey Statistics"}},{"SurveyID":"SV_5bcKOsJHe044MDk","Element":"QC","PrimaryAttribute":"Survey Question Count","SecondaryAttribute":"1","TertiaryAttribute":null,"Payload":null},{"SurveyID":"SV_5bcKOsJHe044MDk","Element":"RS","PrimaryAttribute":"RS_6Wh819oXkI2uYu2","SecondaryAttribute":"Default Response Set","TertiaryAttribute":null,"Payload":null},{"SurveyID":"SV_5bcKOsJHe044MDk","Element":"SQ","PrimaryAttribute":"QID1","SecondaryAttribute":"What is the correct answer?","TertiaryAttribute":null,"Payload":{"QuestionText":"What is the correct answer?<br>","DataExportTag":"Q1","QuestionType":"MC","Selector":"SAVR","SubSelector":"TX","DataVisibility":{"Private":false,"Hidden":false},"Configuration":{"QuestionDescriptionOption":"UseText"},"QuestionDescription":"What is the correct answer?","Choices":{"1":{"Display":"A"},"2":{"Display":"B"},"3":{"Display":"Hello, World"}},"ChoiceOrder":["1","2","3"],"Validation":{"Settings":{"ForceResponse":"OFF","Type":"None"}},"Language":[],"NextChoiceId":4,"NextAnswerId":1,"QuestionID":"QID1"}}]}