{"SurveyEntry":{"SurveyID":"SV_d5VDYIrFXOdwpG6","SurveyName":"National Park Visitor Satisfaction and Behavior","SurveyDescription":null,"SurveyOwnerID":"UR_cBXIOXncfs5fm7Q","SurveyBrandID":"suubusiness","DivisionID":null,"SurveyLanguage":"EN","SurveyActiveResponseSet":"RS_7VtWQ5EILW8bfDg","SurveyStatus":"Active","SurveyStartDate":"0000-00-00 00:00:00","SurveyExpirationDate":"0000-00-00 00:00:00","SurveyCreationDate":"2024-03-29 11:10:30","CreatorID":"UR_cBXIOXncfs5fm7Q","LastModified":"2024-04-02 10:31:05","LastAccessed":"0000-00-00 00:00:00","LastActivated":"2024-04-02 10:31:05","Deleted":null},"SurveyElements":[{"SurveyID":"SV_d5VDYIrFXOdwpG6","Element":"BL","PrimaryAttribute":"Survey Blocks","SecondaryAttribute":null,"TertiaryAttribute":null,"Payload":[{"Type":"Default","Description":"Demographics","ID":"BL_0cCmRDiNH9KVgsC","BlockElements":[{"Type":"Question","QuestionID":"QID1"},{"Type":"Question","QuestionID":"QID2"},{"Type":"Question","QuestionID":"QID3"},{"Type":"Question","QuestionID":"QID4"},{"Type":"Question","QuestionID":"QID5"},{"Type":"Question","QuestionID":"QID6"},{"Type":"Question","QuestionID":"QID7"},{"Type":"Question","QuestionID":"QID8"},{"Type":"Question","QuestionID":"QID9"},{"Type":"Question","QuestionID":"QID10"}]},{"Type":"Trash","Description":"Trash \/ Unused Questions","ID":"BL_06AYyxlpZ4angVM"},{"Type":"Standard","SubType":"","Description":"Current Visitation","ID":"BL_1zfApprqC1f6xAa","BlockElements":[{"Type":"Question","QuestionID":"QID11"},{"Type":"Question","QuestionID":"QID12"},{"Type":"Question","QuestionID":"QID13"},{"Type":"Question","QuestionID":"QID14"},{"Type":"Question","QuestionID":"QID15"},{"Type":"Question","QuestionID":"QID17"},{"Type":"Question","QuestionID":"QID16"},{"Type":"Question","QuestionID":"QID18"},{"Type":"Question","QuestionID":"QID19"},{"Type":"Question","QuestionID":"QID20"},{"Type":"Question","QuestionID":"QID21"},{"Type":"Question","QuestionID":"QID22"},{"Type":"Question","QuestionID":"QID23"},{"Type":"Question","QuestionID":"QID24"}]},{"Type":"Standard","SubType":"","Description":"Past travel experiences and value","ID":"BL_6V9ZpML4Nzp9Wyq","BlockElements":[{"Type":"Question","QuestionID":"QID25"},{"Type":"Question","QuestionID":"QID26"},{"Type":"Question","QuestionID":"QID27"},{"Type":"Question","QuestionID":"QID28"}]}]},{"SurveyID":"SV_d5VDYIrFXOdwpG6","Element":"FL","PrimaryAttribute":"Survey Flow","SecondaryAttribute":null,"TertiaryAttribute":null,"Payload":{"Flow":[{"ID":"BL_0cCmRDiNH9KVgsC","Type":"Block","FlowID":"FL_2"},{"ID":"BL_1zfApprqC1f6xAa","Type":"Standard","FlowID":"FL_3"},{"ID":"BL_6V9ZpML4Nzp9Wyq","Type":"Standard","FlowID":"FL_4"}],"Properties":{"Count":4},"FlowID":"FL_1","Type":"Root"}},{"SurveyID":"SV_d5VDYIrFXOdwpG6","Element":"PL","PrimaryAttribute":"Preview Link","SecondaryAttribute":null,"TertiaryAttribute":null,"Payload":{"PreviewType":"Brand","PreviewID":"3ddaa12c-ff85-43a6-aa06-a0e353b34fc2"}},{"SurveyID":"SV_d5VDYIrFXOdwpG6","Element":"SO","PrimaryAttribute":"Survey Options","SecondaryAttribute":null,"TertiaryAttribute":null,"Payload":{"BackButton":"true","SaveAndContinue":"true","SurveyProtection":"PublicSurvey","BallotBoxStuffingPrevention":"false","NoIndex":"Yes","SecureResponseFiles":"true","SurveyExpiration":"None","SurveyTermination":"DefaultMessage","Header":"","Footer":"","ProgressBarDisplay":"NoText","PartialData":"+2 weeks","ValidationMessage":null,"PreviousButton":" \u2190 ","NextButton":" \u2192 ","SurveyTitle":"Qualtrics Survey | Qualtrics Experience Management","SkinLibrary":"suubusiness","SkinType":"templated","Skin":{"brandingId":null,"templateId":"*base","overrides":null},"NewScoring":1,"SurveyMetaDescription":"The most powerful, simple and trusted way to gather experience data. Start your journey to experience management and try a free account today.","SurveyName":"National Park Visitor Satisfaction and Behavior","EOSMessage":null,"ShowExportTags":"true","CollectGeoLocation":"false","PasswordProtection":"No","AnonymizeResponse":"No","RefererCheck":"No","SurveyAnalysisDisabled":true,"RelevantID":"false","RelevantIDLockoutPeriod":"+30 days","UseCustomSurveyLinkCompletedMessage":null,"SurveyLinkCompletedMessage":null,"SurveyLinkCompletedMessageLibrary":null,"ResponseSummary":"No","EOSMessageLibrary":null,"EOSRedirectURL":null,"EmailThankYou":"false","ThankYouEmailMessageLibrary":null,"ThankYouEmailMessage":null,"ValidateMessage":"false","ValidationMessageLibrary":null,"InactiveSurvey":"DefaultMessage","PartialDeletion":null,"PartialDataCloseAfter":"LastActivity","InactiveMessageLibrary":null,"InactiveMessage":null,"AvailableLanguages":{"EN":[]},"CustomStyles":[],"QuestionsPerPage":"1"}},{"SurveyID":"SV_d5VDYIrFXOdwpG6","Element":"SCO","PrimaryAttribute":"Scoring","SecondaryAttribute":null,"TertiaryAttribute":null,"Payload":{"ScoringCategories":[],"ScoringCategoryGroups":[],"ScoringSummaryCategory":null,"ScoringSummaryAfterQuestions":0,"ScoringSummaryAfterSurvey":0,"DefaultScoringCategory":null,"AutoScoringCategory":null}},{"SurveyID":"SV_d5VDYIrFXOdwpG6","Element":"PROJ","PrimaryAttribute":"CORE","SecondaryAttribute":null,"TertiaryAttribute":"1.1.0","Payload":{"ProjectCategory":"CORE","SchemaVersion":"1.1.0"}},{"SurveyID":"SV_d5VDYIrFXOdwpG6","Element":"STAT","PrimaryAttribute":"Survey Statistics","SecondaryAttribute":null,"TertiaryAttribute":null,"Payload":{"MobileCompatible":false,"ID":"Survey Statistics"}},{"SurveyID":"SV_d5VDYIrFXOdwpG6","Element":"QC","PrimaryAttribute":"Survey Question Count","SecondaryAttribute":"28","TertiaryAttribute":null,"Payload":null},{"SurveyID":"SV_d5VDYIrFXOdwpG6","Element":"SQ","PrimaryAttribute":"QID8","SecondaryAttribute":"Are you a permanent resident or citizen of the United States","TertiaryAttribute":null,"Payload":{"QuestionText":"Are you a permanent resident or citizen of the United States","DefaultChoices":false,"DataExportTag":"Q8","QuestionID":"QID8","QuestionType":"MC","Selector":"SAVR","SubSelector":"TX","DataVisibility":{"Private":false,"Hidden":false},"Configuration":{"QuestionDescriptionOption":"UseText"},"QuestionDescription":"Are you a permanent resident or citizen of the United States","Choices":{"1":{"Display":"No"},"2":{"Display":"Yes"}},"ChoiceOrder":[1,2],"Validation":{"Settings":{"ForceResponse":"OFF","Type":"None"}},"GradingData":[],"Language":[],"NextChoiceId":4,"NextAnswerId":1}},{"SurveyID":"SV_d5VDYIrFXOdwpG6","Element":"SQ","PrimaryAttribute":"QID3","SecondaryAttribute":"Are you Hispanic or Latino?","TertiaryAttribute":null,"Payload":{"QuestionText":"Are you Hispanic or Latino?","DefaultChoices":false,"DataExportTag":"Q3","QuestionType":"MC","Selector":"SAVR","SubSelector":"TX","DataVisibility":{"Private":false,"Hidden":false},"Configuration":{"QuestionDescriptionOption":"UseText"},"QuestionDescription":"Are you Hispanic or Latino?","Choices":{"1":{"Display":"Yes"},"2":{"Display":"No"}},"ChoiceOrder":[1,2],"Validation":{"Settings":{"ForceResponse":"OFF","Type":"None"}},"GradingData":[],"Language":[],"NextChoiceId":3,"NextAnswerId":1,"QuestionID":"QID3"}},{"SurveyID":"SV_d5VDYIrFXOdwpG6","Element":"RS","PrimaryAttribute":"RS_7VtWQ5EILW8bfDg","SecondaryAttribute":"Default Response Set","TertiaryAttribute":null,"Payload":null},{"SurveyID":"SV_d5VDYIrFXOdwpG6","Element":"SQ","PrimaryAttribute":"QID26","SecondaryAttribute":"Have you visited the state of Utah prior to this trip?","TertiaryAttribute":null,"Payload":{"QuestionText":"Have you visited the state of Utah prior to this trip?","DefaultChoices":false,"DataExportTag":"Q26","QuestionType":"MC","Selector":"SAVR","SubSelector":"TX","DataVisibility":{"Private":false,"Hidden":false},"Configuration":{"QuestionDescriptionOption":"UseText","Autoscale":{"YScale":{"Name":"yesNo","Type":"likert","Reverse":true}}},"QuestionDescription":"Have you visited the state of Utah prior to this trip?","Choices":{"1":{"Display":"Yes"},"2":{"Display":"No"}},"ChoiceOrder":[1,2],"Validation":{"Settings":{"ForceResponse":"OFF","Type":"None"}},"GradingData":[],"Language":[],"NextChoiceId":3,"NextAnswerId":1,"QuestionID":"QID26"}},{"SurveyID":"SV_d5VDYIrFXOdwpG6","Element":"SQ","PrimaryAttribute":"QID23","SecondaryAttribute":"How crowded did you feel while visiting the National Park?","TertiaryAttribute":null,"Payload":{"QuestionText":"How crowded did you feel while visiting the National Park?","DefaultChoices":false,"DataExportTag":"Q23","QuestionType":"MC","Selector":"SAVR","SubSelector":"TX","DataVisibility":{"Private":false,"Hidden":false},"Configuration":{"QuestionDescriptionOption":"UseText"},"QuestionDescription":"How crowded did you feel while visiting the National Park?","Choices":{"1":{"Display":"Not at all"},"2":{"Display":"Slightly"},"3":{"Display":"Moderately"},"4":{"Display":"Very"},"5":{"Display":"Extremely"}},"ChoiceOrder":[1,2,3,4,5],"Validation":{"Settings":{"ForceResponse":"OFF","Type":"None"}},"GradingData":[],"Language":[],"NextChoiceId":6,"NextAnswerId":1,"QuestionID":"QID23"}},{"SurveyID":"SV_d5VDYIrFXOdwpG6","Element":"SQ","PrimaryAttribute":"QID24","SecondaryAttribute":"How frequently did you do the following during your National Park visit? (If not applicable, plea...","TertiaryAttribute":null,"Payload":{"QuestionText":"How frequently did you do the following during your National Park visit? (If not applicable, please select not applicable)","DefaultChoices":false,"DataExportTag":"Q24","QuestionType":"Matrix","Selector":"Likert","SubSelector":"SingleAnswer","DataVisibility":{"Private":false,"Hidden":false},"Configuration":{"QuestionDescriptionOption":"UseText","TextPosition":"inline","ChoiceColumnWidth":25,"RepeatHeaders":"both","WhiteSpace":"OFF","MobileFirst":true},"QuestionDescription":"How frequently did you do the following during your National Park visit? (If not applicable, plea...","Choices":{"1":{"Display":"Prepared for all types of weather, hazards, or emergencies before getting on a trail"},"2":{"Display":"Scheduled trip to avoid times of high use"},"3":{"Display":"Stayed on designated or established trailes"},"4":{"Display":"Walked around wet or muddy sections of a trail"},"5":{"Display":"Carried out all waste, including food crumbs, peels, or cores"},"6":{"Display":"Removed objects from the areas, including a small item like a rock, plant, stick, or feather"},"7":{"Display":"Approached, fed, or followed wildlife"},"8":{"Display":"Took breaks away from the trail and other visitors"},"9":{"Display":"Complied with area regulations"},"10":{"Display":"Paid attention to wildlife habitat and did not interact with wildlife"},"11":{"Display":"Tried not to disrupt the natural fauna and flora"},"12":{"Display":"Attended environmental improvement activities in the visited destination"},"13":{"Display":"Encouraged others to protect the destination's natural environment"}},"ChoiceOrder":[1,2,3,4,5,6,7,8,9,10,11,12,13],"Validation":{"Settings":{"ForceResponse":"OFF","Type":"None"}},"GradingData":[],"Language":[],"NextChoiceId":14,"NextAnswerId":7,"Answers":{"1":{"Display":"Never"},"2":{"Display":"Rarely"},"3":{"Display":"Sometimes"},"4":{"Display":"Often"},"5":{"Display":"Always"},"6":{"Display":"Not Applicable"}},"AnswerOrder":[1,2,3,4,5,6],"ChoiceDataExportTags":false,"QuestionID":"QID24","AnalyzeChoices":{"1":"No","6":"No"}}},{"SurveyID":"SV_d5VDYIrFXOdwpG6","Element":"SQ","PrimaryAttribute":"QID16","SecondaryAttribute":"How important was each of the following reasons for your visit? ","TertiaryAttribute":null,"Payload":{"QuestionText":"How important was each of the following reasons for your visit?&nbsp;","DefaultChoices":false,"DataExportTag":"Q17","QuestionType":"Matrix","Selector":"Likert","SubSelector":"SingleAnswer","DataVisibility":{"Private":false,"Hidden":false},"Configuration":{"QuestionDescriptionOption":"UseText","TextPosition":"inline","ChoiceColumnWidth":25,"RepeatHeaders":"both","WhiteSpace":"OFF","MobileFirst":true,"Autoscale":{"XScale":{"Name":"importance","Type":"likert","Reverse":false}}},"QuestionDescription":"How important was each of the following reasons for your visit? ","Choices":{"1":{"Display":"Appreciate the scenic beauty"},"2":{"Display":"Experience solitude and calmness"},"3":{"Display":"Spend time with family\/friends"},"4":{"Display":"Travel in an environmentally conscious way"},"5":{"Display":"Experience nature"},"6":{"Display":"Experience local culture and history"},"7":{"Display":"Experience a sense of challenge"},"8":{"Display":"Gain knowledge on environmental consciousness and wildlife"},"9":{"Display":"Experience rest and relaxtion"},"10":{"Display":"Engage in healthy activities"},"11":{"Display":"Experience adventure"},"12":{"Display":"Experience a luxury vacation"},"13":{"Display":"Experience a cost-conscious vacation"}},"ChoiceOrder":[1,2,3,4,5,6,7,8,9,10,11,12,13],"Validation":{"Settings":{"ForceResponse":"OFF","Type":"None"}},"GradingData":[],"Language":[],"NextChoiceId":14,"NextAnswerId":6,"Answers":{"1":{"Display":"Not at all important"},"2":{"Display":"Slightly important"},"3":{"Display":"Moderately important"},"4":{"Display":"Very important"},"5":{"Display":"Extremely important"}},"AnswerOrder":[1,2,3,4,5],"ChoiceDataExportTags":false,"QuestionID":"QID16"}},{"SurveyID":"SV_d5VDYIrFXOdwpG6","Element":"SQ","PrimaryAttribute":"QID25","SecondaryAttribute":"How many National Parks have you visited? Please specify the number of National Parks you have vi...","TertiaryAttribute":null,"Payload":{"QuestionText":"How many National Parks have you visited?<br>\n<span style=\"font-size:11px;\">Please specify the number of National Parks you have visited by inputing a number only:<\/span>","DefaultChoices":false,"DataExportTag":"Q25","QuestionType":"TE","Selector":"SL","DataVisibility":{"Private":false,"Hidden":false},"Configuration":{"QuestionDescriptionOption":"UseText"},"QuestionDescription":"How many National Parks have you visited? Please specify the number of National Parks you have vi...","Validation":{"Settings":{"ForceResponse":"OFF","Type":"ContentType","MinChars":"1","ContentType":"ValidNumber","ValidDateType":"DateWithFormat","ValidPhoneType":"ValidUSPhone","ValidZipType":"ValidUSZip","ValidNumber":{"Min":"","Max":"","NumDecimals":""}}},"GradingData":[],"Language":[],"NextChoiceId":4,"NextAnswerId":1,"SearchSource":{"AllowFreeResponse":"false"},"QuestionID":"QID25"}},{"SurveyID":"SV_d5VDYIrFXOdwpG6","Element":"SQ","PrimaryAttribute":"QID14","SecondaryAttribute":"How many nights of this trip will be or were spent in Utah? Please specify the number of nights b...","TertiaryAttribute":null,"Payload":{"QuestionText":"How many nights of this trip will be or were spent in Utah?<br \/>\n<span style=\"font-size:11px;\">Please specify the number of nights by inputing a number only:<\/span>","DefaultChoices":false,"DataExportTag":"Q14","QuestionID":"QID14","QuestionType":"TE","Selector":"SL","DataVisibility":{"Private":false,"Hidden":false},"Configuration":{"QuestionDescriptionOption":"UseText"},"QuestionDescription":"How many nights of this trip will be or were spent in Utah? Please specify the number of nights b...","Validation":{"Settings":{"ForceResponse":"OFF","Type":"ContentType","MinChars":"1","ContentType":"ValidNumber","ValidDateType":"DateWithFormat","ValidPhoneType":"ValidUSPhone","ValidZipType":"ValidUSZip","ValidNumber":{"Min":"","Max":"","NumDecimals":""}}},"GradingData":[],"Language":[],"NextChoiceId":4,"NextAnswerId":1,"SearchSource":{"AllowFreeResponse":"false"}}},{"SurveyID":"SV_d5VDYIrFXOdwpG6","Element":"SQ","PrimaryAttribute":"QID13","SecondaryAttribute":"How many nights will you or did you spend away from home on this trip? Please specify the number...","TertiaryAttribute":null,"Payload":{"QuestionText":"How many nights will you or did you spend away from home on this trip?<br \/>\n<span style=\"font-size:11px;\">Please specify the number of nights by inputing a number only:<\/span>","DefaultChoices":false,"DataExportTag":"Q13","QuestionType":"TE","Selector":"SL","DataVisibility":{"Private":false,"Hidden":false},"Configuration":{"QuestionDescriptionOption":"UseText"},"QuestionDescription":"How many nights will you or did you spend away from home on this trip? Please specify the number...","Validation":{"Settings":{"ForceResponse":"OFF","Type":"ContentType","MinChars":"1","ContentType":"ValidNumber","ValidDateType":"DateWithFormat","ValidPhoneType":"ValidUSPhone","ValidZipType":"ValidUSZip","ValidNumber":{"Min":"","Max":"","NumDecimals":""}}},"GradingData":[],"Language":[],"NextChoiceId":4,"NextAnswerId":1,"SearchSource":{"AllowFreeResponse":"false"},"QuestionID":"QID13"}},{"SurveyID":"SV_d5VDYIrFXOdwpG6","Element":"SQ","PrimaryAttribute":"QID7","SecondaryAttribute":"How many people reside in your household including you? (Input a number only)","TertiaryAttribute":null,"Payload":{"QuestionText":"How many people reside in your household including you? (Input a number only)<br>","DefaultChoices":false,"DataExportTag":"Q7","QuestionID":"QID7","QuestionType":"TE","Selector":"SL","DataVisibility":{"Private":false,"Hidden":false},"Configuration":{"QuestionDescriptionOption":"UseText"},"QuestionDescription":"How many people reside in your household including you? (Input a number only)","Choices":{"1":{"Display":"Click to write Choice 1"},"2":{"Display":"Click to write Choice 2"},"3":{"Display":"Click to write Choice 3"}},"ChoiceOrder":["1","2","3"],"Validation":{"Settings":{"ForceResponse":"OFF","ForceResponseType":"ON","Type":"ContentType","MinChars":"1","ContentType":"ValidNumber","ValidDateType":"DateWithFormat","ValidPhoneType":"ValidUSPhone","ValidZipType":"ValidUSZip","ValidNumber":{"Min":"","Max":"","NumDecimals":""}}},"GradingData":[],"Language":[],"NextChoiceId":4,"NextAnswerId":1,"SearchSource":{"AllowFreeResponse":"false"}}},{"SurveyID":"SV_d5VDYIrFXOdwpG6","Element":"SQ","PrimaryAttribute":"QID15","SecondaryAttribute":"How many people were, are, or will be in your travel group, including you? Please specify the num...","TertiaryAttribute":null,"Payload":{"QuestionText":"How many people were, are, or will be in your travel group, including you?<br>\n<span style=\"font-size:11px;\">Please specify the number of travelers by inputing a number only:<\/span>","DefaultChoices":false,"DataExportTag":"Q15","QuestionType":"TE","Selector":"SL","DataVisibility":{"Private":false,"Hidden":false},"Configuration":{"QuestionDescriptionOption":"UseText"},"QuestionDescription":"How many people were, are, or will be in your travel group, including you? Please specify the num...","Validation":{"Settings":{"ForceResponse":"OFF","ForceResponseType":"ON","Type":"ContentType","MinChars":"1","ContentType":"ValidNumber","ValidDateType":"DateWithFormat","ValidPhoneType":"ValidUSPhone","ValidZipType":"ValidUSZip","ValidNumber":{"Min":"","Max":"","NumDecimals":""}}},"GradingData":[],"Language":[],"NextChoiceId":4,"NextAnswerId":1,"SearchSource":{"AllowFreeResponse":"false"},"QuestionID":"QID15"}},{"SurveyID":"SV_d5VDYIrFXOdwpG6","Element":"SQ","PrimaryAttribute":"QID27","SecondaryAttribute":"How often do you generally visit National Parks or National Monuments","TertiaryAttribute":null,"Payload":{"QuestionText":"How often do you generally visit National Parks or National Monuments","DefaultChoices":false,"DataExportTag":"Q27","QuestionType":"MC","Selector":"SAVR","SubSelector":"TX","DataVisibility":{"Private":false,"Hidden":false},"Configuration":{"QuestionDescriptionOption":"UseText"},"QuestionDescription":"How often do you generally visit National Parks or National Monuments","Choices":{"1":{"Display":"Not at all"},"2":{"Display":"Once or twice per year"},"3":{"Display":"Several times per year"},"4":{"Display":"Not sure"}},"ChoiceOrder":[1,2,3,4],"Validation":{"Settings":{"ForceResponse":"OFF","Type":"None"}},"GradingData":[],"Language":[],"NextChoiceId":5,"NextAnswerId":1,"QuestionID":"QID27"}},{"SurveyID":"SV_d5VDYIrFXOdwpG6","Element":"SQ","PrimaryAttribute":"QID18","SecondaryAttribute":"How well were you able to achieve your motivations? (If it is not applicable, please select not a...","TertiaryAttribute":null,"Payload":{"QuestionText":"How well were you able to achieve your motivations? (If it is not applicable, please select not applicable)","DefaultChoices":false,"DataExportTag":"Q18","QuestionType":"Matrix","Selector":"Likert","SubSelector":"SingleAnswer","DataVisibility":{"Private":false,"Hidden":false},"Configuration":{"QuestionDescriptionOption":"UseText","TextPosition":"inline","ChoiceColumnWidth":25,"RepeatHeaders":"both","WhiteSpace":"OFF","MobileFirst":true},"QuestionDescription":"How well were you able to achieve your motivations? (If it is not applicable, please select not a...","Choices":{"1":{"Display":"Appreciate the scenic beauty"},"2":{"Display":"Experience solitude and calmness"},"3":{"Display":"Spend time with family\/friends"},"4":{"Display":"Travel in an environmentally conscious way"},"5":{"Display":"Experience nature"},"6":{"Display":"Experience local culture and history"},"7":{"Display":"Experience a sense of challenge"},"8":{"Display":"Gain knowledge on environmental consciousness and wildlife"},"9":{"Display":"Experience rest and relaxtion"},"10":{"Display":"Engage in healthy activities"},"11":{"Display":"Experience adventure"},"12":{"Display":"Experience a luxury vacation"},"13":{"Display":"Experience a cost-conscious vacation"}},"ChoiceOrder":[1,2,3,4,5,6,7,8,9,10,11,12,13],"Validation":{"Settings":{"ForceResponse":"OFF","Type":"None"}},"GradingData":[],"Language":[],"NextChoiceId":14,"NextAnswerId":6,"Answers":{"1":{"Display":"Not applicable"},"2":{"Display":"Not at all achieved"},"3":{"Display":"Slightly achieved"},"4":{"Display":"Moderately achieved"},"5":{"Display":"Fully Achieved"}},"AnswerOrder":[1,2,3,4,5],"ChoiceDataExportTags":false,"QuestionID":"QID18","AnalyzeChoices":{"1":"No"}}},{"SurveyID":"SV_d5VDYIrFXOdwpG6","Element":"SQ","PrimaryAttribute":"QID20","SecondaryAttribute":"If your transportation to a Utah National Park included an airport, please select the last airpor...","TertiaryAttribute":null,"Payload":{"QuestionText":"If your transportation to a Utah National Park included an airport, please select the last airport visited prior to visiting the National Park(s).","DefaultChoices":false,"DataExportTag":"Q20","QuestionType":"MC","Selector":"SAVR","SubSelector":"TX","DataVisibility":{"Private":false,"Hidden":false},"Configuration":{"QuestionDescriptionOption":"UseText"},"QuestionDescription":"If your transportation to a Utah National Park included an airport, please select the last airpor...","Choices":{"1":{"Display":"Salt Lake City International Airport"},"2":{"Display":"St. George Regional Airport (St. George)"},"3":{"Display":"Harry Reid International Airport (Las Vegas)"},"4":{"Display":"Denver International Airport"},"5":{"Display":"Phoenix Sky Harbor International Airport"},"6":{"Display":"Canyonlands Regional Airport (Moab)"},"7":{"Display":"Ogden-Hinckley Airport (Ogden)"},"8":{"Display":"Provo Airport (Provo)"},"9":{"Display":"Cedar City Regional Airport (Cedar City)"},"10":{"Display":"Other (please specify):","TextEntry":"true","TextEntryForceResponse":true}},"ChoiceOrder":[1,2,3,4,5,6,7,8,9,10],"Validation":{"Settings":{"ForceResponse":"OFF","Type":"None"}},"GradingData":[],"Language":[],"NextChoiceId":11,"NextAnswerId":1,"QuestionID":"QID20","DisplayLogic":{"0":{"0":{"LogicType":"Question","QuestionID":"QID19","QuestionIsInLoop":"no","ChoiceLocator":"q:\/\/QID19\/SelectableChoice\/5","Operator":"Selected","QuestionIDFromLocator":"QID19","LeftOperand":"q:\/\/QID19\/SelectableChoice\/5","Type":"Expression","Description":"<span class=\"ConjDesc\">If<\/span> <span class=\"QuestionDesc\">What forms of transportation did you take between home and the national park(s)? Please mark all that apply.<\/span> <span class=\"LeftOpDesc\">Airplane<\/span> <span class=\"OpDesc\">Is Selected<\/span> "},"Type":"If"},"Type":"BooleanExpression","inPage":false}}},{"SurveyID":"SV_d5VDYIrFXOdwpG6","Element":"SQ","PrimaryAttribute":"QID12","SecondaryAttribute":"Please indicate the following places you have visited or will visit on this trip.","TertiaryAttribute":null,"Payload":{"QuestionText":"Please indicate the following places you have visited or will visit on this trip.","DefaultChoices":false,"DataExportTag":"Q12","QuestionType":"MC","Selector":"MACOL","SubSelector":"TX","DataVisibility":{"Private":false,"Hidden":false},"Configuration":{"QuestionDescriptionOption":"UseText","NumColumns":2},"QuestionDescription":"Please indicate the following places you have visited or will visit on this trip.","Choices":{"1":{"Display":"Arches National Park"},"2":{"Display":"Bryce Canyon National park"},"3":{"Display":"Canyonlands National Park"},"4":{"Display":"Capitol Reef National Park"},"5":{"Display":"Zion National Park"},"6":{"Display":"Grand Canyon National Park"},"7":{"Display":"Rocky Mountain National Park"},"8":{"Display":"Mesa Verde National Park"},"9":{"Display":"Rainbow Bridge National Monument"},"10":{"Display":"Natural Bridges National Monument"},"11":{"Display":"Glen Canyon National Recreation Area\/ Lake Powell"},"12":{"Display":"Bear Ears National Monument"},"13":{"Display":"Hovenweep National Monument"},"14":{"Display":"Grand Staircase\/Escalante National Monument"},"15":{"Display":"Cedar Breaks National Monument"},"16":{"Display":"Monument Valley"},"17":{"Display":"Four Corners Monument"},"18":{"Display":"Las Vegas"},"19":{"Display":"Salt Lake City"},"20":{"Display":"Phoenix"},"21":{"Display":"Denver"},"22":{"Display":"Pipe Spring National Monument"},"23":{"Display":"Other (please list):","TextEntry":"true","TextEntryForceResponse":true,"ExclusiveAnswer":false}},"ChoiceOrder":[1,2,3,4,5,6,7,8,9,10,11,12,13,14,15,16,17,18,19,20,21,22,23],"Validation":{"Settings":{"ForceResponse":"OFF","Type":"None"}},"GradingData":[],"Language":[],"NextChoiceId":24,"NextAnswerId":1,"QuestionID":"QID12"}},{"SurveyID":"SV_d5VDYIrFXOdwpG6","Element":"SQ","PrimaryAttribute":"QID22","SecondaryAttribute":"Please indicate the level of importance of the following items fro your visit to this National Pa...","TertiaryAttribute":null,"Payload":{"QuestionText":"Please indicate the level of importance of the following items fro your visit to this National Park, and the quality of your experience based on your visit","DefaultChoices":false,"DataExportTag":"Q22","QuestionID":"QID22","QuestionType":"SBS","Selector":"SBSMatrix","DataVisibility":{"Private":false,"Hidden":false},"Configuration":{"QuestionDescriptionOption":"UseText","TextPosition":"inline","RepeatHeaders":"both"},"QuestionDescription":"Please indicate the level of importance of the following items fro your visit to this National Pa...","Choices":{"1":{"Display":"National Park entrance experience"},"2":{"Display":"Staff providing information or orientation"},"3":{"Display":"Visitor center exhibits"},"4":{"Display":"National Park orientation movie(s)"},"5":{"Display":"Visitor center parking"},"6":{"Display":"Visitor center activities"},"7":{"Display":"Roadside and trailside exhibits"},"8":{"Display":"Shuttle bus inside National Park"},"9":{"Display":"Shuttle bus outside National Park"},"10":{"Display":"Hours of shuttle bus operation"},"11":{"Display":"Parking within National Park"},"12":{"Display":"Timed entry\/reservation process"},"13":{"Display":"Private vehicle traffic flow"},"14":{"Display":"Overall level of crowding throughout entire National Park visit"},"15":{"Display":"Facilitating crowd flow within National Park"},"16":{"Display":"Opportunity to visit desired National Park destination(s)"},"17":{"Display":"Condition of trails"},"18":{"Display":"Quantity of trails"},"19":{"Display":"Ranger-led programs"},"20":{"Display":"Condition of restrooms"},"21":{"Display":"Quantity of restrooms"},"22":{"Display":"Quantity of garbage bins"},"23":{"Display":"Condition of campsites"},"24":{"Display":"Availability of campsites"},"25":{"Display":"Condition of park resources"},"26":{"Display":"National Park outdoor recreation activities"},"27":{"Display":"Guided tour or other program(s)"},"28":{"Display":"Accessibility of food (<em>cafes, restaurants, convenience stores<\/em>)"},"29":{"Display":"Excursions and activities within National Park"}},"ChoiceOrder":[1,2,3,4,5,6,7,8,9,10,11,12,13,14,15,16,17,18,19,20,21,22,23,24,25,26,27,28,29],"Validation":{"Settings":{"ForceResponse":"OFF","Type":"None"}},"GradingData":[],"Language":[],"NextChoiceId":30,"NextAnswerId":3,"NumberOfQuestions":2,"AdditionalQuestions":{"1":{"Answers":{"1":{"Display":"Very Unimportant"},"2":{"Display":"Somewhat Unimportant"},"3":{"Display":"Somewhat Important"},"4":{"Display":"Important"},"5":{"Display":"Very Important"}},"QuestionText":"Importance","RecodeValues":[],"VariableNaming":[],"AnalyzeChoices":[],"QuestionType":"Matrix","Selector":"Likert","SubSelector":"SingleAnswer","ChoiceColumnWidthPixels":null,"DataExportTag":"Q22#1","QuestionID":"QID22#1","Choices":{"1":{"Display":"National Park entrance experience"},"2":{"Display":"Staff providing information or orientation"},"3":{"Display":"Visitor center exhibits"},"4":{"Display":"National Park orientation movie(s)"},"5":{"Display":"Visitor center parking"},"6":{"Display":"Visitor center activities"},"7":{"Display":"Roadside and trailside exhibits"},"8":{"Display":"Shuttle bus inside National Park"},"9":{"Display":"Shuttle bus outside National Park"},"10":{"Display":"Hours of shuttle bus operation"},"11":{"Display":"Parking within National Park"},"12":{"Display":"Timed entry\/reservation process"},"13":{"Display":"Private vehicle traffic flow"},"14":{"Display":"Overall level of crowding throughout entire National Park visit"},"15":{"Display":"Facilitating crowd flow within National Park"},"16":{"Display":"Opportunity to visit desired National Park destination(s)"},"17":{"Display":"Condition of trails"},"18":{"Display":"Quantity of trails"},"19":{"Display":"Ranger-led programs"},"20":{"Display":"Condition of restrooms"},"21":{"Display":"Quantity of restrooms"},"22":{"Display":"Quantity of garbage bins"},"23":{"Display":"Condition of campsites"},"24":{"Display":"Availability of campsites"},"25":{"Display":"Condition of park resources"},"26":{"Display":"National Park outdoor recreation activities"},"27":{"Display":"Guided tour or other program(s)"},"28":{"Display":"Accessibility of food (<em>cafes, restaurants, convenience stores<\/em>)"},"29":{"Display":"Excursions and activities within National Park"}},"ChoiceDataExportTags":false,"QuestionDescription":"Importance","Configuration":{"QuestionDescriptionOption":"UseText"}},"2":{"Answers":{"1":{"Display":"Very Poor"},"2":{"Display":"Poor"},"3":{"Display":"Average"},"4":{"Display":"Very Good"},"5":{"Display":"Don't Know\/Not Applicable"}},"QuestionText":"Quality","RecodeValues":[],"VariableNaming":[],"AnalyzeChoices":{"5":"No"},"QuestionType":"Matrix","Selector":"Likert","SubSelector":"SingleAnswer","ChoiceColumnWidthPixels":null,"DataExportTag":"Q22#2","QuestionID":"QID22#2","Choices":{"1":{"Display":"National Park entrance experience"},"2":{"Display":"Staff providing information or orientation"},"3":{"Display":"Visitor center exhibits"},"4":{"Display":"National Park orientation movie(s)"},"5":{"Display":"Visitor center parking"},"6":{"Display":"Visitor center activities"},"7":{"Display":"Roadside and trailside exhibits"},"8":{"Display":"Shuttle bus inside National Park"},"9":{"Display":"Shuttle bus outside National Park"},"10":{"Display":"Hours of shuttle bus operation"},"11":{"Display":"Parking within National Park"},"12":{"Display":"Timed entry\/reservation process"},"13":{"Display":"Private vehicle traffic flow"},"14":{"Display":"Overall level of crowding throughout entire National Park visit"},"15":{"Display":"Facilitating crowd flow within National Park"},"16":{"Display":"Opportunity to visit desired National Park destination(s)"},"17":{"Display":"Condition of trails"},"18":{"Display":"Quantity of trails"},"19":{"Display":"Ranger-led programs"},"20":{"Display":"Condition of restrooms"},"21":{"Display":"Quantity of restrooms"},"22":{"Display":"Quantity of garbage bins"},"23":{"Display":"Condition of campsites"},"24":{"Display":"Availability of campsites"},"25":{"Display":"Condition of park resources"},"26":{"Display":"National Park outdoor recreation activities"},"27":{"Display":"Guided tour or other program(s)"},"28":{"Display":"Accessibility of food (<em>cafes, restaurants, convenience stores<\/em>)"},"29":{"Display":"Excursions and activities within National Park"}},"ChoiceDataExportTags":false,"QuestionDescription":"Quality","Configuration":{"QuestionDescriptionOption":"UseText"}}},"ChoiceDataExportTags":false}},{"SurveyID":"SV_d5VDYIrFXOdwpG6","Element":"SQ","PrimaryAttribute":"QID1","SecondaryAttribute":"Please indicate your age.","TertiaryAttribute":null,"Payload":{"QuestionText":"Please indicate your age.","DataExportTag":"Q1","QuestionType":"MC","Selector":"SAVR","SubSelector":"TX","DataVisibility":{"Private":false,"Hidden":false},"Configuration":{"QuestionDescriptionOption":"UseText"},"QuestionDescription":"Please indicate your age.","Choices":{"1":{"Display":"18 - 24"},"2":{"Display":"25 - 34"},"3":{"Display":"35 - 44"},"4":{"Display":"45 - 54"},"5":{"Display":"55 - 64"},"6":{"Display":"65 or older"}},"ChoiceOrder":[1,2,3,4,5,6],"Validation":{"Settings":{"ForceResponse":"OFF","Type":"None"}},"Language":[],"NextChoiceId":7,"NextAnswerId":1,"QuestionID":"QID1"}},{"SurveyID":"SV_d5VDYIrFXOdwpG6","Element":"SQ","PrimaryAttribute":"QID28","SecondaryAttribute":"Please rank the following National Park aspects from 1 to 10, with 1 being the most valuable aspe...","TertiaryAttribute":null,"Payload":{"QuestionText":"Please rank the following National Park aspects from 1 to 10, with 1 being the most valuable aspect to you and 10 being the least valuable aspect to you.","DefaultChoices":false,"DataExportTag":"Q28","QuestionType":"RO","Selector":"RB","DataVisibility":{"Private":false,"Hidden":false},"Configuration":{"QuestionDescriptionOption":"UseText"},"QuestionDescription":"Please rank the following National Park aspects from 1 to 10, with 1 being the most valuable aspe...","Choices":{"1":{"Display":"The provide enjoyable scenery, sights, sounds, smells, etc."},"2":{"Display":"The provide habitat for a variety of fish, wildlife, plant life, etc."},"3":{"Display":"The are places to pass down the wisdom, knowledge, traditions, and way of life of my ancestors."},"4":{"Display":"The allow future generations to know and experience the area as it is now."},"5":{"Display":"They have places and things of natural and human history that matter to me."},"6":{"Display":"They provide an areas where we can learn about the environment through scientific observation or experimentation."},"7":{"Display":"They provide economic opportunities for communities through tourism, outfitting, guiding, and other services."},"8":{"Display":"The provide a place for my favorite outdoor recreation activity\/activities"},"9":{"Display":"They have sacred, religious, or spiritual meaning to me or because I feel reverence and respect for the nature there."},"10":{"Display":"They make me feel better physically and\/or mentally."}},"ChoiceOrder":[1,2,3,4,5,6,7,8,9,10],"Validation":{"Settings":{"ForceResponse":"OFF","ForceResponseType":"ON","Type":"None"}},"GradingData":[],"Language":[],"NextChoiceId":11,"NextAnswerId":1,"QuestionID":"QID28","SubSelector":"TX"}},{"SurveyID":"SV_d5VDYIrFXOdwpG6","Element":"SQ","PrimaryAttribute":"QID19","SecondaryAttribute":"What forms of transportation did you take between home and the national park(s)? Please mark all...","TertiaryAttribute":null,"Payload":{"QuestionText":"What forms of transportation did you take between home and the national park(s)? Please mark all that apply.<br>","DefaultChoices":false,"DataExportTag":"Q19","QuestionType":"MC","Selector":"MAVR","SubSelector":"TX","DataVisibility":{"Private":false,"Hidden":false},"Configuration":{"QuestionDescriptionOption":"UseText"},"QuestionDescription":"What forms of transportation did you take between home and the national park(s)? Please mark all...","Choices":{"1":{"Display":"Personal vehicle"},"2":{"Display":"Rental car"},"3":{"Display":"RV"},"4":{"Display":"Bus\/Shuttle"},"5":{"Display":"Airplane"},"6":{"Display":"Others (please list):","TextEntry":"true","TextEntryForceResponse":true}},"ChoiceOrder":[1,2,3,4,5,6],"Validation":{"Settings":{"ForceResponse":"OFF","Type":"None"}},"GradingData":[],"Language":[],"NextChoiceId":7,"NextAnswerId":1,"QuestionID":"QID19"}},{"SurveyID":"SV_d5VDYIrFXOdwpG6","Element":"SQ","PrimaryAttribute":"QID5","SecondaryAttribute":"What is the highest level of education you have completed?","TertiaryAttribute":null,"Payload":{"QuestionText":"What is the highest level of education you have completed?","DefaultChoices":false,"DataExportTag":"Q5","QuestionType":"MC","Selector":"SAVR","SubSelector":"TX","DataVisibility":{"Private":false,"Hidden":false},"Configuration":{"QuestionDescriptionOption":"UseText"},"QuestionDescription":"What is the highest level of education you have completed?","Choices":{"1":{"Display":"Less than high school"},"2":{"Display":"Some high school"},"3":{"Display":"High school graduate or GED"},"4":{"Display":"Vocational\/trade school certificate"},"5":{"Display":"Some college"},"6":{"Display":"Associate degree (AA, AS, etc.)"},"7":{"Display":"Bachelor's degree (BA, AB, BS, etc.)"},"8":{"Display":"Master's degree (MA, MS, MEd, MSW, MBA, etc.)"},"9":{"Display":"Professional degree (MG, DDS, DVM, LLB, JD, etc.)"},"10":{"Display":"Doctorate degree (PhD, EdD, etc.)"}},"ChoiceOrder":[1,2,3,4,5,6,7,8,9,10],"Validation":{"Settings":{"ForceResponse":"OFF","Type":"None"}},"GradingData":[],"Language":[],"NextChoiceId":11,"NextAnswerId":1,"QuestionID":"QID5"}},{"SurveyID":"SV_d5VDYIrFXOdwpG6","Element":"SQ","PrimaryAttribute":"QID11","SecondaryAttribute":"What is the primary purpose of your trip?","TertiaryAttribute":null,"Payload":{"QuestionText":"What is the primary purpose of your trip?<br \/>\n<span style=\"font-size:11px;\">Please select your top three reasons that best describe the overall purpose of your trip:<\/span><br \/>\n&nbsp;","DefaultChoices":false,"DataExportTag":"Q11","QuestionID":"QID11","QuestionType":"Matrix","Selector":"Likert","SubSelector":"SingleAnswer","DataVisibility":{"Private":false,"Hidden":false},"Configuration":{"QuestionDescriptionOption":"SpecifyLabel","TextPosition":"inline","ChoiceColumnWidth":25,"RepeatHeaders":"both","WhiteSpace":"OFF","MobileFirst":true},"QuestionDescription":"What is the primary purpose of your trip?","Choices":{"1":{"Display":"To visit National Parks, National Monuments, or National Historic Sites"},"2":{"Display":"To escape from an urban setting"},"3":{"Display":"To spend time with friends\/family"},"4":{"Display":"To view wildlife or natural scenery"},"5":{"Display":"To be physically active"},"6":{"Display":"To experience relaxtion\/renewal"},"7":{"Display":"To visit this particular national park"},"8":{"Display":"To learn about the culture or history of this area"},"9":{"Display":"Pleasure trip or vacation"},"10":{"Display":"Business\/professional reasons"},"11":{"Display":"School-related trip"}},"ChoiceOrder":[1,2,3,4,5,6,7,8,9,10,11],"Validation":{"Settings":{"ForceResponse":"OFF","Type":"None","MinChoices":"1"}},"GradingData":[],"Language":[],"NextChoiceId":12,"NextAnswerId":4,"Answers":{"1":{"Display":"#1"},"2":{"Display":"#2"},"3":{"Display":"#3"}},"AnswerOrder":["1","2","3"],"ChoiceDataExportTags":false}},{"SurveyID":"SV_d5VDYIrFXOdwpG6","Element":"SQ","PrimaryAttribute":"QID9","SecondaryAttribute":"What is your country of origin?","TertiaryAttribute":null,"Payload":{"QuestionText":"What is your country of origin?","DefaultChoices":false,"DataExportTag":"Q9","QuestionType":"TE","Selector":"SL","DataVisibility":{"Private":false,"Hidden":false},"Configuration":{"QuestionDescriptionOption":"UseText"},"QuestionDescription":"What is your country of origin?","Validation":{"Settings":{"ForceResponse":"OFF","Type":"ContentType","MinChars":"1","ContentType":"ValidTextOnly","ValidDateType":"DateWithFormat","ValidPhoneType":"ValidUSPhone","ValidZipType":"ValidUSZip","ValidNumber":{"Min":"","Max":"","NumDecimals":""}}},"GradingData":[],"Language":[],"NextChoiceId":4,"NextAnswerId":1,"SearchSource":{"AllowFreeResponse":"false"},"QuestionID":"QID9","DisplayLogic":{"0":{"0":{"ChoiceLocator":"q:\/\/QID8\/SelectableChoice\/1","Description":"<span class=\"ConjDesc\">If<\/span> <span class=\"QuestionDesc\">Are you a permanent resident or citizen of the United States<\/span> <span class=\"LeftOpDesc\">No<\/span> <span class=\"OpDesc\">Is Selected<\/span> ","LeftOperand":"q:\/\/QID8\/SelectableChoice\/1","LogicType":"Question","Operator":"Selected","QuestionID":"QID8","QuestionIDFromLocator":"QID8","QuestionIsInLoop":"no","Type":"Expression"},"Type":"If"},"Type":"BooleanExpression","inPage":false}}},{"SurveyID":"SV_d5VDYIrFXOdwpG6","Element":"SQ","PrimaryAttribute":"QID2","SecondaryAttribute":"What is your gender?","TertiaryAttribute":null,"Payload":{"QuestionText":"What is your gender?","DefaultChoices":false,"DataExportTag":"Q2","QuestionType":"MC","Selector":"SAVR","SubSelector":"TX","DataVisibility":{"Private":false,"Hidden":false},"Configuration":{"QuestionDescriptionOption":"UseText"},"QuestionDescription":"What is your gender?","Choices":{"1":{"Display":"Male"},"2":{"Display":"Female"},"3":{"Display":"Non-binary \/ third gender"},"4":{"Display":"Prefer not to say"}},"ChoiceOrder":[1,2,3,4],"Validation":{"Settings":{"ForceResponse":"OFF","Type":"None"}},"GradingData":[],"Language":[],"NextChoiceId":5,"NextAnswerId":1,"QuestionID":"QID2"}},{"SurveyID":"SV_d5VDYIrFXOdwpG6","Element":"SQ","PrimaryAttribute":"QID10","SecondaryAttribute":"What is your state of residence and zip code?","TertiaryAttribute":null,"Payload":{"QuestionText":"What is your state of residence and zip code?","DefaultChoices":false,"DataExportTag":"Q10","QuestionType":"TE","Selector":"FORM","DataVisibility":{"Private":false,"Hidden":false},"Configuration":{"QuestionDescriptionOption":"UseText"},"QuestionDescription":"What is your state of residence and zip code?","Validation":{"Settings":{"ForceResponse":"OFF","Type":"None"}},"GradingData":[],"Language":[],"NextChoiceId":3,"NextAnswerId":1,"SearchSource":{"AllowFreeResponse":"false"},"QuestionID":"QID10","Choices":{"1":{"Display":"State:","TextEntry":"on","TextEntryValidation":"ValidTextOnly"},"2":{"Display":"Zip code:","TextEntry":"on","TextEntryValidation":"ValidNumber"}},"ChoiceOrder":[1,2],"DisplayLogic":{"0":{"0":{"ChoiceLocator":"q:\/\/QID8\/SelectableChoice\/2","Description":"<span class=\"ConjDesc\">If<\/span> <span class=\"QuestionDesc\">Are you a permanent resident or citizen of the United States<\/span> <span class=\"LeftOpDesc\">Yes<\/span> <span class=\"OpDesc\">Is Selected<\/span> ","LeftOperand":"q:\/\/QID8\/SelectableChoice\/2","LogicType":"Question","Operator":"Selected","QuestionID":"QID8","QuestionIDFromLocator":"QID8","QuestionIsInLoop":"no","Type":"Expression"},"Type":"If"},"Type":"BooleanExpression","inPage":false}}},{"SurveyID":"SV_d5VDYIrFXOdwpG6","Element":"SQ","PrimaryAttribute":"QID21","SecondaryAttribute":"Where did you stay during your National Park(s) visit and how many nights for each? (Input a numb...","TertiaryAttribute":null,"Payload":{"QuestionText":"Where did you stay during your National Park(s) visit and how many nights for each? (Input a number after the lodging type, input 0 if you have not stayed in that lodging type).","DefaultChoices":false,"DataExportTag":"Q21","QuestionID":"QID21","QuestionType":"TE","Selector":"FORM","DataVisibility":{"Private":false,"Hidden":false},"Configuration":{"QuestionDescriptionOption":"UseText"},"QuestionDescription":"Where did you stay during your National Park(s) visit and how many nights for each? (Input a numb...","Choices":{"1":{"Display":"Hotel\/Lodge","TextEntryValidation":"ValidNumber","TextEntry":"on"},"2":{"Display":"Cabin","TextEntryValidation":"ValidNumber","TextEntry":"on"},"3":{"Display":"Bed & Breakfast","TextEntryValidation":"ValidNumber","TextEntry":"on"},"4":{"Display":"Short-term rental","TextEntryValidation":"ValidNumber","TextEntry":"on"},"5":{"Display":"Camping","TextEntryValidation":"ValidNumber","TextEntry":"on"},"6":{"Display":"Family\/friends","TextEntryValidation":"ValidNumber","TextEntry":"on"},"7":{"Display":"Personal seasonal residence","TextEntryValidation":"ValidNumber","TextEntry":"on"},"8":{"Display":"Other (please specify)","TextEntryLength":"Long","TextEntryValidation":"ForceResponse","TextEntry":"on"}},"ChoiceOrder":[1,2,3,4,5,6,7,8],"Validation":{"Settings":{"ForceResponse":"OFF","ForceResponseType":"ON","Type":"None"}},"GradingData":[],"Language":[],"NextChoiceId":9,"NextAnswerId":1,"SearchSource":{"AllowFreeResponse":"false"},"DynamicChoicesData":[]}},{"SurveyID":"SV_d5VDYIrFXOdwpG6","Element":"SQ","PrimaryAttribute":"QID6","SecondaryAttribute":"Which category best represents your annual household income?","TertiaryAttribute":null,"Payload":{"QuestionText":"Which category best represents your annual household income?<br>","DefaultChoices":false,"DataExportTag":"Q6","QuestionType":"MC","Selector":"SAVR","SubSelector":"TX","DataVisibility":{"Private":false,"Hidden":false},"Configuration":{"QuestionDescriptionOption":"UseText"},"QuestionDescription":"Which category best represents your annual household income?","Choices":{"1":{"Display":"Less than $25,000"},"2":{"Display":"$25,000 to $34,999"},"3":{"Display":"$35,000 to $49,999"},"4":{"Display":"$50,000 to $74,999"},"5":{"Display":"$75,000 to $99,999"},"6":{"Display":"$100,000 to $149,000"},"7":{"Display":"$150,000 to $199,999"},"8":{"Display":"$200,000 or more"}},"ChoiceOrder":[1,2,3,4,5,6,7,8],"Validation":{"Settings":{"ForceResponse":"OFF","Type":"None"}},"GradingData":[],"Language":[],"NextChoiceId":9,"NextAnswerId":1,"QuestionID":"QID6"}},{"SurveyID":"SV_d5VDYIrFXOdwpG6","Element":"SQ","PrimaryAttribute":"QID4","SecondaryAttribute":"Which of these categories best indicates your race? Please select one or more.","TertiaryAttribute":null,"Payload":{"QuestionText":"Which of these categories best indicates your race? Please select one or more.","DefaultChoices":false,"DataExportTag":"Q4","QuestionType":"MC","Selector":"MAVR","SubSelector":"TX","DataVisibility":{"Private":false,"Hidden":false},"Configuration":{"QuestionDescriptionOption":"UseText","LabelPosition":"BELOW","NumColumns":2},"QuestionDescription":"Which of these categories best indicates your race? Please select one or more.","Choices":{"1":{"Display":"American Indian or Alaska Native"},"2":{"Display":"Asian"},"3":{"Display":"Black or African American"},"4":{"Display":"Native Hawaiian or other Pacific Islander"},"5":{"Display":"White"},"6":{"Display":"Two or more races"}},"ChoiceOrder":[1,2,3,4,5,6],"Validation":{"Settings":{"ForceResponse":"OFF","ForceResponseType":"ON","Type":"None","MinChoices":"1"}},"GradingData":[],"Language":[],"NextChoiceId":7,"NextAnswerId":1,"QuestionID":"QID4"}},{"SurveyID":"SV_d5VDYIrFXOdwpG6","Element":"SQ","PrimaryAttribute":"QID17","SecondaryAttribute":"With whom did you travel during this trip (check all that apply)?","TertiaryAttribute":null,"Payload":{"QuestionText":"With whom did you travel during this trip (check all that apply)?","DefaultChoices":false,"DataExportTag":"Q16","QuestionType":"MC","Selector":"MAVR","SubSelector":"TX","DataVisibility":{"Private":false,"Hidden":false},"Configuration":{"QuestionDescriptionOption":"UseText"},"QuestionDescription":"With whom did you travel during this trip (check all that apply)?","Choices":{"1":{"Display":"Myself alone"},"2":{"Display":"Kid(s) under age 18"},"3":{"Display":"Family"},"4":{"Display":"Friends"},"5":{"Display":"Adults (ages 20 - 64)"},"6":{"Display":"Adults (65+ years old)"},"7":{"Display":"Tour or other group"},"8":{"Display":"Pet(s)"}},"ChoiceOrder":[1,2,3,4,5,6,7,8],"Validation":{"Settings":{"ForceResponse":"OFF","Type":"None"}},"GradingData":[],"Language":[],"NextChoiceId":9,"NextAnswerId":1,"QuestionID":"QID17"}}]}